# THIS IS AN AUTOGENERATED FILE. DO NOT EDIT THIS FILE DIRECTLY.
# yarn lockfile v1


"@types/node@^10.11.3":
  version "10.11.3"
  resolved "https://registry.yarnpkg.com/@types/node/-/node-10.11.3.tgz#c055536ac8a5e871701aa01914be5731539d01ee"
  integrity sha512-3AvcEJAh9EMatxs+OxAlvAEs7OTy6AG94mcH1iqyVDwVVndekLxzwkWQ/Z4SDbY6GO2oyUXyWW8tQ4rENSSQVQ==
